// !$*UTF8*$!
{
	archiveVersion = 1;
	classes = {
	};
	objectVersion = 56;
	objects = {

/* Begin PBXBuildFile section */
		AF0CFC2C2A246CB900F684A1 /* AppDelegate.swift in Sources */ = {isa = PBXBuildFile; fileRef = AF0CFC2B2A246CB900F684A1 /* AppDelegate.swift */; };
		AF0CFC2E2A246CB900F684A1 /* SceneDelegate.swift in Sources */ = {isa = PBXBuildFile; fileRef = AF0CFC2D2A246CB900F684A1 /* SceneDelegate.swift */; };
		AF0CFC302A246CB900F684A1 /* ViewController.swift in Sources */ = {isa = PBXBuildFile; fileRef = AF0CFC2F2A246CB900F684A1 /* ViewController.swift */; };
		AF0CFC332A246CB900F684A1 /* Main.storyboard in Resources */ = {isa = PBXBuildFile; fileRef = AF0CFC312A246CB900F684A1 /* Main.storyboard */; };
		AF0CFC352A246CBD00F684A1 /* Assets.xcassets in Resources */ = {isa = PBXBuildFile; fileRef = AF0CFC342A246CBD00F684A1 /* Assets.xcassets */; };
		AFA10DB32A6513CA00D91F77 /* UserRegister.swift in Sources */ = {isa = PBXBuildFile; fileRef = AFA10DB22A6513CA00D91F77 /* UserRegister.swift */; };
		AFA10DB52A6514C600D91F77 /* RegisterResponse.swift in Sources */ = {isa = PBXBuildFile; fileRef = AFA10DB42A6514C600D91F77 /* RegisterResponse.swift */; };
		AFA10DB82A65151400D91F77 /* Student.swift in Sources */ = {isa = PBXBuildFile; fileRef = AFA10DB72A65151400D91F77 /* Student.swift */; };
		AFF8340D2A62ACCD006C85E1 /* Alamofire in Frameworks */ = {isa = PBXBuildFile; productRef = AFF8340C2A62ACCD006C85E1 /* Alamofire */; };
/* End PBXBuildFile section */

/* Begin PBXFileReference section */
		AF0CFC282A246CB900F684A1 /* IOS.app */ = {isa = PBXFileReference; explicitFileType = wrapper.application; includeInIndex = 0; path = IOS.app; sourceTree = BUILT_PRODUCTS_DIR; };
		AF0CFC2B2A246CB900F684A1 /* AppDelegate.swift */ = {isa = PBXFileReference; lastKnownFileType = sourcecode.swift; path = AppDelegate.swift; sourceTree = "<group>"; };
		AF0CFC2D2A246CB900F684A1 /* SceneDelegate.swift */ = {isa = PBXFileReference; lastKnownFileType = sourcecode.swift; path = SceneDelegate.swift; sourceTree = "<group>"; };
		AF0CFC2F2A246CB900F684A1 /* ViewController.swift */ = {isa = PBXFileReference; lastKnownFileType = sourcecode.swift; path = ViewController.swift; sourceTree = "<group>"; };
		AF0CFC322A246CB900F684A1 /* Base */ = {isa = PBXFileReference; lastKnownFileType = file.storyboard; name = Base; path = Base.lproj/Main.storyboard; sourceTree = "<group>"; };
		AF0CFC342A246CBD00F684A1 /* Assets.xcassets */ = {isa = PBXFileReference; lastKnownFileType = folder.assetcatalog; path = Assets.xcassets; sourceTree = "<group>"; };
		AF0CFC392A246CBD00F684A1 /* Info.plist */ = {isa = PBXFileReference; lastKnownFileType = text.plist.xml; path = Info.plist; sourceTree = "<group>"; };
		AFA10DB22A6513CA00D91F77 /* UserRegister.swift */ = {isa = PBXFileReference; lastKnownFileType = sourcecode.swift; path = UserRegister.swift; sourceTree = "<group>"; };
		AFA10DB42A6514C600D91F77 /* RegisterResponse.swift */ = {isa = PBXFileReference; lastKnownFileType = sourcecode.swift; path = RegisterResponse.swift; sourceTree = "<group>"; };
		AFA10DB72A65151400D91F77 /* Student.swift */ = {isa = PBXFileReference; lastKnownFileType = sourcecode.swift; path = Student.swift; sourceTree = "<group>"; };
/* End PBXFileReference section */

/* Begin PBXFrameworksBuildPhase section */
		AF0CFC252A246CB900F684A1 /* Frameworks */ = {
			isa = PBXFrameworksBuildPhase;
			buildActionMask = 2147483647;
			files = (
				AFF8340D2A62ACCD006C85E1 /* Alamofire in Frameworks */,
			);
			runOnlyForDeploymentPostprocessing = 0;
		};
/* End PBXFrameworksBuildPhase section */

/* Begin PBXGroup section */
		AF0CFC1F2A246CB900F684A1 = {
			isa = PBXGroup;
			children = (
				AF0CFC2A2A246CB900F684A1 /* IOS */,
				AF0CFC292A246CB900F684A1 /* Products */,
			);
			sourceTree = "<group>";
		};
		AF0CFC292A246CB900F684A1 /* Products */ = {
			isa = PBXGroup;
			children = (
				AF0CFC282A246CB900F684A1 /* IOS.app */,
			);
			name = Products;
			sourceTree = "<group>";
		};
		AF0CFC2A2A246CB900F684A1 /* IOS */ = {
			isa = PBXGroup;
			children = (
				AFA10DB12A6513A200D91F77 /* Model */,
				AFA10DB92A65153F00D91F77 /* View */,
				AFA10DBA2A651EEC00D91F77 /* Controller */,
				AF0CFC2B2A246CB900F684A1 /* AppDelegate.swift */,
				AF0CFC2D2A246CB900F684A1 /* SceneDelegate.swift */,
				AF0CFC342A246CBD00F684A1 /* Assets.xcassets */,
				AF0CFC392A246CBD00F684A1 /* Info.plist */,
			);
			path = IOS;
			sourceTree = "<group>";
		};
		AFA10DB12A6513A200D91F77 /* Model */ = {
			isa = PBXGroup;
			children = (
				AFA10DB22A6513CA00D91F77 /* UserRegister.swift */,
				AFA10DB42A6514C600D91F77 /* RegisterResponse.swift */,
				AFA10DB72A65151400D91F77 /* Student.swift */,
			);
			path = Model;
			sourceTree = "<group>";
		};
		AFA10DB92A65153F00D91F77 /* View */ = {
			isa = PBXGroup;
			children = (
				AF0CFC312A246CB900F684A1 /* Main.storyboard */,
			);
			path = View;
			sourceTree = "<group>";
		};
		AFA10DBA2A651EEC00D91F77 /* Controller */ = {
			isa = PBXGroup;
			children = (
				AF0CFC2F2A246CB900F684A1 /* ViewController.swift */,
			);
			path = Controller;
			sourceTree = "<group>";
		};
/* End PBXGroup section */

/* Begin PBXNativeTarget section */
		AF0CFC272A246CB900F684A1 /* IOS */ = {
			isa = PBXNativeTarget;
			buildConfigurationList = AF0CFC3C2A246CBD00F684A1 /* Build configuration list for PBXNativeTarget "IOS" */;
			buildPhases = (
				AF0CFC242A246CB900F684A1 /* Sources */,
				AF0CFC252A246CB900F684A1 /* Frameworks */,
				AF0CFC262A246CB900F684A1 /* Resources */,
			);
			buildRules = (
			);
			dependencies = (
			);
			name = IOS;
			packageProductDependencies = (
				AFF8340C2A62ACCD006C85E1 /* Alamofire */,
			);
			productName = autoLayout;
			productReference = AF0CFC282A246CB900F684A1 /* IOS.app */;
			productType = "com.apple.product-type.application";
		};
/* End PBXNativeTarget section */

/* Begin PBXProject section */
		AF0CFC202A246CB900F684A1 /* Project object */ = {
			isa = PBXProject;
			attributes = {
				BuildIndependentTargetsInParallel = 1;
				LastSwiftUpdateCheck = 1420;
				LastUpgradeCheck = 1420;
				TargetAttributes = {
					AF0CFC272A246CB900F684A1 = {
						CreatedOnToolsVersion = 14.2;
					};
				};
			};
			buildConfigurationList = AF0CFC232A246CB900F684A1 /* Build configuration list for PBXProject "IOS" */;
			compatibilityVersion = "Xcode 14.0";
			developmentRegion = en;
			hasScannedForEncodings = 0;
			knownRegions = (
				en,
				Base,
			);
			mainGroup = AF0CFC1F2A246CB900F684A1;
			packageReferences = (
				AFF8340B2A62ACCD006C85E1 /* XCRemoteSwiftPackageReference "Alamofire" */,
			);
			productRefGroup = AF0CFC292A246CB900F684A1 /* Products */;
			projectDirPath = "";
			projectRoot = "";
			targets = (
				AF0CFC272A246CB900F684A1 /* IOS */,
			);
		};
/* End PBXProject section */

/* Begin PBXResourcesBuildPhase section */
		AF0CFC262A246CB900F684A1 /* Resources */ = {
			isa = PBXResourcesBuildPhase;
			buildActionMask = 2147483647;
			files = (
				AF0CFC352A246CBD00F684A1 /* Assets.xcassets in Resources */,
				AF0CFC332A246CB900F684A1 /* Main.storyboard in Resources */,
			);
			runOnlyForDeploymentPostprocessing = 0;
		};
/* End PBXResourcesBuildPhase section */

/* Begin PBXSourcesBuildPhase section */
		AF0CFC242A246CB900F684A1 /* Sources */ = {
			isa = PBXSourcesBuildPhase;
			buildActionMask = 2147483647;
			files = (
				AF0CFC302A246CB900F684A1 /* ViewController.swift in Sources */,
				AFA10DB82A65151400D91F77 /* Student.swift in Sources */,
				AF0CFC2C2A246CB900F684A1 /* AppDelegate.swift in Sources */,
				AFA10DB32A6513CA00D91F77 /* UserRegister.swift in Sources */,
				AFA10DB52A6514C600D91F77 /* RegisterResponse.swift in Sources */,
				AF0CFC2E2A246CB900F684A1 /* SceneDelegate.swift in Sources */,
			);
			runOnlyForDeploymentPostprocessing = 0;
		};
/* End PBXSourcesBuildPhase section */

/* Begin PBXVariantGroup section */
		AF0CFC312A246CB900F684A1 /* Main.storyboard */ = {
			isa = PBXVariantGroup;
			children = (
				AF0CFC322A246CB900F684A1 /* Base */,
			);
			name = Main.storyboard;
			sourceTree = "<group>";
		};
/* End PBXVariantGroup section */

/* Begin XCBuildConfiguration section */
		AF0CFC3A2A246CBD00F684A1 /* Debug */ = {
			isa = XCBuildConfiguration;
			buildSettings = {
				ALWAYS_SEARCH_USER_PATHS = NO;
				CLANG_ANALYZER_NONNULL = YES;
				CLANG_ANALYZER_NUMBER_OBJECT_CONVERSION = YES_AGGRESSIVE;
				CLANG_CXX_LANGUAGE_STANDARD = "gnu++20";
				CLANG_ENABLE_MODULES = YES;
				CLANG_ENABLE_OBJC_ARC = YES;
				CLANG_ENABLE_OBJC_WEAK = YES;
				CLANG_WARN_BLOCK_CAPTURE_AUTORELEASING = YES;
				CLANG_WARN_BOOL_CONVERSION = YES;
				CLANG_WARN_COMMA = YES;
				CLANG_WARN_CONSTANT_CONVERSION = YES;
				CLANG_WARN_DEPRECATED_OBJC_IMPLEMENTATIONS = YES;
				CLANG_WARN_DIRECT_OBJC_ISA_USAGE = YES_ERROR;
				CLANG_WARN_DOCUMENTATION_COMMENTS = YES;
				CLANG_WARN_EMPTY_BODY = YES;
				CLANG_WARN_ENUM_CONVERSION = YES;
				CLANG_WARN_INFINITE_RECURSION = YES;
				CLANG_WARN_INT_CONVERSION = YES;
				CLANG_WARN_NON_LITERAL_NULL_CONVERSION = YES;
				CLANG_WARN_OBJC_IMPLICIT_RETAIN_SELF = YES;
				CLANG_WARN_OBJC_LITERAL_CONVERSION = YES;
				CLANG_WARN_OBJC_ROOT_CLASS = YES_ERROR;
				CLANG_WARN_QUOTED_INCLUDE_IN_FRAMEWORK_HEADER = YES;
				CLANG_WARN_RANGE_LOOP_ANALYSIS = YES;
				CLANG_WARN_STRICT_PROTOTYPES = YES;
				CLANG_WARN_SUSPICIOUS_MOVE = YES;
				CLANG_WARN_UNGUARDED_AVAILABILITY = YES_AGGRESSIVE;
				CLANG_WARN_UNREACHABLE_CODE = YES;
				CLANG_WARN__DUPLICATE_METHOD_MATCH = YES;
				COPY_PHASE_STRIP = NO;
				DEBUG_INFORMATION_FORMAT = dwarf;
				ENABLE_STRICT_OBJC_MSGSEND = YES;
				ENABLE_TESTABILITY = YES;
				GCC_C_LANGUAGE_STANDARD = gnu11;
				GCC_DYNAMIC_NO_PIC = NO;
				GCC_NO_COMMON_BLOCKS = YES;
				GCC_OPTIMIZATION_LEVEL = 0;
				GCC_PREPROCESSOR_DEFINITIONS = (
					"DEBUG=1",
					"$(inherited)",
				);
				GCC_WARN_64_TO_32_BIT_CONVERSION = YES;
				GCC_WARN_ABOUT_RETURN_TYPE = YES_ERROR;
				GCC_WARN_UNDECLARED_SELECTOR = YES;
				GCC_WARN_UNINITIALIZED_AUTOS = YES_AGGRESSIVE;
				GCC_WARN_UNUSED_FUNCTION = YES;
				GCC_WARN_UNUSED_VARIABLE = YES;
				IPHONEOS_DEPLOYMENT_TARGET = 16.2;
				MTL_ENABLE_DEBUG_INFO = INCLUDE_SOURCE;
				MTL_FAST_MATH = YES;
				ONLY_ACTIVE_ARCH = YES;
				SDKROOT = iphoneos;
				SWIFT_ACTIVE_COMPILATION_CONDITIONS = DEBUG;
				SWIFT_OPTIMIZATION_LEVEL = "-Onone";
			};
			name = Debug;
		};
		AF0CFC3B2A246CBD00F684A1 /* Release */ = {
			isa = XCBuildConfiguration;
			buildSettings = {
				ALWAYS_SEARCH_USER_PATHS = NO;
				CLANG_ANALYZER_NONNULL = YES;
				CLANG_ANALYZER_NUMBER_OBJECT_CONVERSION = YES_AGGRESSIVE;
				CLANG_CXX_LANGUAGE_STANDARD = "gnu++20";
				CLANG_ENABLE_MODULES = YES;
				CLANG_ENABLE_OBJC_ARC = YES;
				CLANG_ENABLE_OBJC_WEAK = YES;
				CLANG_WARN_BLOCK_CAPTURE_AUTORELEASING = YES;
				CLANG_WARN_BOOL_CONVERSION = YES;
				CLANG_WARN_COMMA = YES;
				CLANG_WARN_CONSTANT_CONVERSION = YES;
				CLANG_WARN_DEPRECATED_OBJC_IMPLEMENTATIONS = YES;
				CLANG_WARN_DIRECT_OBJC_ISA_USAGE = YES_ERROR;
				CLANG_WARN_DOCUMENTATION_COMMENTS = YES;
				CLANG_WARN_EMPTY_BODY = YES;
				CLANG_WARN_ENUM_CONVERSION = YES;
				CLANG_WARN_INFINITE_RECURSION = YES;
				CLANG_WARN_INT_CONVERSION = YES;
				CLANG_WARN_NON_LITERAL_NULL_CONVERSION = YES;
				CLANG_WARN_OBJC_IMPLICIT_RETAIN_SELF = YES;
				CLANG_WARN_OBJC_LITERAL_CONVERSION = YES;
				CLANG_WARN_OBJC_ROOT_CLASS = YES_ERROR;
				CLANG_WARN_QUOTED_INCLUDE_IN_FRAMEWORK_HEADER = YES;
				CLANG_WARN_RANGE_LOOP_ANALYSIS = YES;
				CLANG_WARN_STRICT_PROTOTYPES = YES;
				CLANG_WARN_SUSPICIOUS_MOVE = YES;
				CLANG_WARN_UNGUARDED_AVAILABILITY = YES_AGGRESSIVE;
				CLANG_WARN_UNREACHABLE_CODE = YES;
				CLANG_WARN__DUPLICATE_METHOD_MATCH = YES;
				COPY_PHASE_STRIP = NO;
				DEBUG_INFORMATION_FORMAT = "dwarf-with-dsym";
				ENABLE_NS_ASSERTIONS = NO;
				ENABLE_STRICT_OBJC_MSGSEND = YES;
				GCC_C_LANGUAGE_STANDARD = gnu11;
				GCC_NO_COMMON_BLOCKS = YES;
				GCC_WARN_64_TO_32_BIT_CONVERSION = YES;
				GCC_WARN_ABOUT_RETURN_TYPE = YES_ERROR;
				GCC_WARN_UNDECLARED_SELECTOR = YES;
				GCC_WARN_UNINITIALIZED_AUTOS = YES_AGGRESSIVE;
				GCC_WARN_UNUSED_FUNCTION = YES;
				GCC_WARN_UNUSED_VARIABLE = YES;
				IPHONEOS_DEPLOYMENT_TARGET = 16.2;
				MTL_ENABLE_DEBUG_INFO = NO;
				MTL_FAST_MATH = YES;
				SDKROOT = iphoneos;
				SWIFT_COMPILATION_MODE = wholemodule;
				SWIFT_OPTIMIZATION_LEVEL = "-O";
				VALIDATE_PRODUCT = YES;
			};
			name = Release;
		};
		AF0CFC3D2A246CBD00F684A1 /* Debug */ = {
			isa = XCBuildConfiguration;
			buildSettings = {
				ASSETCATALOG_COMPILER_APPICON_NAME = AppIcon;
				ASSETCATALOG_COMPILER_GLOBAL_ACCENT_COLOR_NAME = AccentColor;
				CODE_SIGN_STYLE = Automatic;
				CURRENT_PROJECT_VERSION = 1;
				GENERATE_INFOPLIST_FILE = YES;
				INFOPLIST_FILE = IOS/Info.plist;
				INFOPLIST_KEY_CFBundleDisplayName = IOS;
				INFOPLIST_KEY_UIApplicationSupportsIndirectInputEvents = YES;
				INFOPLIST_KEY_UILaunchStoryboardName = "";
				INFOPLIST_KEY_UIMainStoryboardFile = Main;
				INFOPLIST_KEY_UISupportedInterfaceOrientations_iPad = "UIInterfaceOrientationPortrait UIInterfaceOrientationPortraitUpsideDown UIInterfaceOrientationLandscapeLeft UIInterfaceOrientationLandscapeRight";
				INFOPLIST_KEY_UISupportedInterfaceOrientations_iPhone = "UIInterfaceOrientationPortrait UIInterfaceOrientationLandscapeLeft UIInterfaceOrientationLandscapeRight";
				LD_RUNPATH_SEARCH_PATHS = (
					"$(inherited)",
					"@executable_path/Frameworks",
				);
				MARKETING_VERSION = 1.0;
				PRODUCT_BUNDLE_IDENTIFIER = com.simformsolutions.com.autoLayout;
				PRODUCT_NAME = "$(TARGET_NAME)";
				SWIFT_EMIT_LOC_STRINGS = YES;
				SWIFT_VERSION = 5.0;
				TARGETED_DEVICE_FAMILY = "1,2";
			};
			name = Debug;
		};
		AF0CFC3E2A246CBD00F684A1 /* Release */ = {
			isa = XCBuildConfiguration;
			buildSettings = {
				ASSETCATALOG_COMPILER_APPICON_NAME = AppIcon;
				ASSETCATALOG_COMPILER_GLOBAL_ACCENT_COLOR_NAME = AccentColor;
				CODE_SIGN_STYLE = Automatic;
				CURRENT_PROJECT_VERSION = 1;
				GENERATE_INFOPLIST_FILE = YES;
				INFOPLIST_FILE = IOS/Info.plist;
				INFOPLIST_KEY_CFBundleDisplayName = IOS;
				INFOPLIST_KEY_UIApplicationSupportsIndirectInputEvents = YES;
				INFOPLIST_KEY_UILaunchStoryboardName = "";
				INFOPLIST_KEY_UIMainStoryboardFile = Main;
				INFOPLIST_KEY_UISupportedInterfaceOrientations_iPad = "UIInterfaceOrientationPortrait UIInterfaceOrientationPortraitUpsideDown UIInterfaceOrientationLandscapeLeft UIInterfaceOrientationLandscapeRight";
				INFOPLIST_KEY_UISupportedInterfaceOrientations_iPhone = "UIInterfaceOrientationPortrait UIInterfaceOrientationLandscapeLeft UIInterfaceOrientationLandscapeRight";
				LD_RUNPATH_SEARCH_PATHS = (
					"$(inherited)",
					"@executable_path/Frameworks",
				);
				MARKETING_VERSION = 1.0;
				PRODUCT_BUNDLE_IDENTIFIER = com.simformsolutions.com.autoLayout;
				PRODUCT_NAME = "$(TARGET_NAME)";
				SWIFT_EMIT_LOC_STRINGS = YES;
				SWIFT_VERSION = 5.0;
				TARGETED_DEVICE_FAMILY = "1,2";
			};
			name = Release;
		};
/* End XCBuildConfiguration section */

/* Begin XCConfigurationList section */
		AF0CFC232A246CB900F684A1 /* Build configuration list for PBXProject "IOS" */ = {
			isa = XCConfigurationList;
			buildConfigurations = (
				AF0CFC3A2A246CBD00F684A1 /* Debug */,
				AF0CFC3B2A246CBD00F684A1 /* Release */,
			);
			defaultConfigurationIsVisible = 0;
			defaultConfigurationName = Release;
		};
		AF0CFC3C2A246CBD00F684A1 /* Build configuration list for PBXNativeTarget "IOS" */ = {
			isa = XCConfigurationList;
			buildConfigurations = (
				AF0CFC3D2A246CBD00F684A1 /* Debug */,
				AF0CFC3E2A246CBD00F684A1 /* Release */,
			);
			defaultConfigurationIsVisible = 0;
			defaultConfigurationName = Release;
		};
/* End XCConfigurationList section */

/* Begin XCRemoteSwiftPackageReference section */
		AFF8340B2A62ACCD006C85E1 /* XCRemoteSwiftPackageReference "Alamofire" */ = {
			isa = XCRemoteSwiftPackageReference;
			repositoryURL = "https://github.com/Alamofire/Alamofire";
			requirement = {
				kind = exactVersion;
				version = 5.7.1;
			};
		};
/* End XCRemoteSwiftPackageReference section */

/* Begin XCSwiftPackageProductDependency section */
		AFF8340C2A62ACCD006C85E1 /* Alamofire */ = {
			isa = XCSwiftPackageProductDependency;
			package = AFF8340B2A62ACCD006C85E1 /* XCRemoteSwiftPackageReference "Alamofire" */;
			productName = Alamofire;
		};
/* End XCSwiftPackageProductDependency section */
	};
	rootObject = AF0CFC202A246CB900F684A1 /* Project object */;
}
